
Microsoft Visual Studio Solution File, Format Version 12.00
# Visual Studio 15
VisualStudioVersion = 15.0.27703.1
MinimumVisualStudioVersion = 10.0.40219.1
Project("{FAE04EC0-301F-11D3-BF4B-00C04F79EFBC}") = "HelloWeb", "HelloWeb\HelloWeb.csproj", "{BFBF8B6C-2BDA-4125-AB95-21D44D7E1422}"
EndProject
Global
	GlobalSection(SolutionConfigurationPlatforms) = preSolution
		Debug|Any CPU = Debug|Any CPU
		Release|Any CPU = Release|Any CPU
	EndGlobalSection
	GlobalSection(ProjectConfigurationPlatforms) = postSolution
		{BFBF8B6C-2BDA-4125-AB95-21D44D7E1422}.Debug|Any CPU.ActiveCfg = Debug|Any CPU
		{BFBF8B6C-2BDA-4125-AB95-21D44D7E1422}.Debug|Any CPU.Build.0 = Debug|Any CPU
		{BFBF8B6C-2BDA-4125-AB95-21D44D7E1422}.Release|Any CPU.ActiveCfg = Release|Any CPU
		{BFBF8B6C-2BDA-4125-AB95-21D44D7E1422}.Release|Any CPU.Build.0 = Release|Any CPU
	EndGlobalSection
	GlobalSection(SolutionProperties) = preSolution
		HideSolutionNode = FALSE
	EndGlobalSection
	GlobalSection(ExtensibilityGlobals) = postSolution
		SolutionGuid = {BD4904D4-29A1-446A-8A41-2A0CF64CA0FD}
	EndGlobalSection
EndGlobal
